
Microsoft Visual Studio Solution File, Format Version 12.00
# Visual Studio Version 17
VisualStudioVersion = 17.0.32126.317
MinimumVisualStudioVersion = 10.0.40219.1
Project("{FAE04EC0-301F-11D3-BF4B-00C04F79EFBC}") = "BlazorComponentsDemo", "BlazorComponentsDemo\BlazorComponentsDemo.csproj", "{D1B4B09B-A2BE-4613-B5D5-17899999731D}"
EndProject
Project("{FAE04EC0-301F-11D3-BF4B-00C04F79EFBC}") = "BlazorComponents.ClassLibrary", "BlazorComponents.ClassLibrary\BlazorComponents.ClassLibrary.csproj", "{D934759F-3CA1-4207-A197-FCE2C15FA501}"
EndProject
Global
	GlobalSection(SolutionConfigurationPlatforms) = preSolution
		Debug|Any CPU = Debug|Any CPU
		Release|Any CPU = Release|Any CPU
	EndGlobalSection
	GlobalSection(ProjectConfigurationPlatforms) = postSolution
		{D1B4B09B-A2BE-4613-B5D5-17899999731D}.Debug|Any CPU.ActiveCfg = Debug|Any CPU
		{D1B4B09B-A2BE-4613-B5D5-17899999731D}.Debug|Any CPU.Build.0 = Debug|Any CPU
		{D1B4B09B-A2BE-4613-B5D5-17899999731D}.Release|Any CPU.ActiveCfg = Release|Any CPU
		{D1B4B09B-A2BE-4613-B5D5-17899999731D}.Release|Any CPU.Build.0 = Release|Any CPU
		{D934759F-3CA1-4207-A197-FCE2C15FA501}.Debug|Any CPU.ActiveCfg = Debug|Any CPU
		{D934759F-3CA1-4207-A197-FCE2C15FA501}.Debug|Any CPU.Build.0 = Debug|Any CPU
		{D934759F-3CA1-4207-A197-FCE2C15FA501}.Release|Any CPU.ActiveCfg = Release|Any CPU
		{D934759F-3CA1-4207-A197-FCE2C15FA501}.Release|Any CPU.Build.0 = Release|Any CPU
	EndGlobalSection
	GlobalSection(SolutionProperties) = preSolution
		HideSolutionNode = FALSE
	EndGlobalSection
	GlobalSection(ExtensibilityGlobals) = postSolution
		SolutionGuid = {7278D0AE-F194-4F38-B791-DF6D84B5F3F6}
	EndGlobalSection
EndGlobal
